
Microsoft Visual Studio Solution File, Format Version 12.00
# Visual Studio 15
VisualStudioVersion = 15.0.28010.2036
MinimumVisualStudioVersion = 10.0.40219.1
Project("{FAE04EC0-301F-11D3-BF4B-00C04F79EFBC}") = "Entidades", "TP 04\Entidades.csproj", "{F885C48F-B6ED-46B4-8080-DEDC92B2D45E}"
EndProject
Project("{FAE04EC0-301F-11D3-BF4B-00C04F79EFBC}") = "MainCorreo", "FrmPpal\MainCorreo.csproj", "{E350286F-8518-4769-AE80-307C3902C2F4}"
EndProject
Global
	GlobalSection(SolutionConfigurationPlatforms) = preSolution
		Debug|Any CPU = Debug|Any CPU
		Release|Any CPU = Release|Any CPU
	EndGlobalSection
	GlobalSection(ProjectConfigurationPlatforms) = postSolution
		{F885C48F-B6ED-46B4-8080-DEDC92B2D45E}.Debug|Any CPU.ActiveCfg = Debug|Any CPU
		{F885C48F-B6ED-46B4-8080-DEDC92B2D45E}.Debug|Any CPU.Build.0 = Debug|Any CPU
		{F885C48F-B6ED-46B4-8080-DEDC92B2D45E}.Release|Any CPU.ActiveCfg = Release|Any CPU
		{F885C48F-B6ED-46B4-8080-DEDC92B2D45E}.Release|Any CPU.Build.0 = Release|Any CPU
		{E350286F-8518-4769-AE80-307C3902C2F4}.Debug|Any CPU.ActiveCfg = Debug|Any CPU
		{E350286F-8518-4769-AE80-307C3902C2F4}.Debug|Any CPU.Build.0 = Debug|Any CPU
		{E350286F-8518-4769-AE80-307C3902C2F4}.Release|Any CPU.ActiveCfg = Release|Any CPU
		{E350286F-8518-4769-AE80-307C3902C2F4}.Release|Any CPU.Build.0 = Release|Any CPU
	EndGlobalSection
	GlobalSection(SolutionProperties) = preSolution
		HideSolutionNode = FALSE
	EndGlobalSection
	GlobalSection(ExtensibilityGlobals) = postSolution
		SolutionGuid = {EB57D734-9FA3-4149-8768-FF34BDD222BE}
	EndGlobalSection
EndGlobal
