
Microsoft Visual Studio Solution File, Format Version 12.00
# Visual Studio 15
VisualStudioVersion = 15.0.28010.2041
MinimumVisualStudioVersion = 10.0.40219.1
Project("{FAE04EC0-301F-11D3-BF4B-00C04F79EFBC}") = "Clases Abstractas", "Clases Abstractas\Clases Abstractas.csproj", "{D9BBEBE3-5462-4890-8A2D-43076ECA9225}"
EndProject
Project("{FAE04EC0-301F-11D3-BF4B-00C04F79EFBC}") = "Archivos", "Archivos\Archivos.csproj", "{CEC3FE3F-8985-4785-B74D-A3C0338D64EB}"
EndProject
Project("{FAE04EC0-301F-11D3-BF4B-00C04F79EFBC}") = "Excepciones", "Excepciones\Excepciones.csproj", "{D1800CF7-03C8-4847-A598-C210456E4D55}"
EndProject
Project("{FAE04EC0-301F-11D3-BF4B-00C04F79EFBC}") = "Clases Instanciables", "Clases Instanciables\Clases Instanciables.csproj", "{4F445BCA-37D3-4D6F-94A9-2FE4FA241CCF}"
EndProject
Project("{FAE04EC0-301F-11D3-BF4B-00C04F79EFBC}") = "Consola", "Consola\Consola.csproj", "{8D56C1C3-425C-4430-A53C-1BFC5DD29D0A}"
EndProject
Global
	GlobalSection(SolutionConfigurationPlatforms) = preSolution
		Debug|Any CPU = Debug|Any CPU
		Release|Any CPU = Release|Any CPU
	EndGlobalSection
	GlobalSection(ProjectConfigurationPlatforms) = postSolution
		{D9BBEBE3-5462-4890-8A2D-43076ECA9225}.Debug|Any CPU.ActiveCfg = Debug|Any CPU
		{D9BBEBE3-5462-4890-8A2D-43076ECA9225}.Debug|Any CPU.Build.0 = Debug|Any CPU
		{D9BBEBE3-5462-4890-8A2D-43076ECA9225}.Release|Any CPU.ActiveCfg = Release|Any CPU
		{D9BBEBE3-5462-4890-8A2D-43076ECA9225}.Release|Any CPU.Build.0 = Release|Any CPU
		{CEC3FE3F-8985-4785-B74D-A3C0338D64EB}.Debug|Any CPU.ActiveCfg = Debug|Any CPU
		{CEC3FE3F-8985-4785-B74D-A3C0338D64EB}.Debug|Any CPU.Build.0 = Debug|Any CPU
		{CEC3FE3F-8985-4785-B74D-A3C0338D64EB}.Release|Any CPU.ActiveCfg = Release|Any CPU
		{CEC3FE3F-8985-4785-B74D-A3C0338D64EB}.Release|Any CPU.Build.0 = Release|Any CPU
		{D1800CF7-03C8-4847-A598-C210456E4D55}.Debug|Any CPU.ActiveCfg = Debug|Any CPU
		{D1800CF7-03C8-4847-A598-C210456E4D55}.Debug|Any CPU.Build.0 = Debug|Any CPU
		{D1800CF7-03C8-4847-A598-C210456E4D55}.Release|Any CPU.ActiveCfg = Release|Any CPU
		{D1800CF7-03C8-4847-A598-C210456E4D55}.Release|Any CPU.Build.0 = Release|Any CPU
		{4F445BCA-37D3-4D6F-94A9-2FE4FA241CCF}.Debug|Any CPU.ActiveCfg = Debug|Any CPU
		{4F445BCA-37D3-4D6F-94A9-2FE4FA241CCF}.Debug|Any CPU.Build.0 = Debug|Any CPU
		{4F445BCA-37D3-4D6F-94A9-2FE4FA241CCF}.Release|Any CPU.ActiveCfg = Release|Any CPU
		{4F445BCA-37D3-4D6F-94A9-2FE4FA241CCF}.Release|Any CPU.Build.0 = Release|Any CPU
		{8D56C1C3-425C-4430-A53C-1BFC5DD29D0A}.Debug|Any CPU.ActiveCfg = Debug|Any CPU
		{8D56C1C3-425C-4430-A53C-1BFC5DD29D0A}.Debug|Any CPU.Build.0 = Debug|Any CPU
		{8D56C1C3-425C-4430-A53C-1BFC5DD29D0A}.Release|Any CPU.ActiveCfg = Release|Any CPU
		{8D56C1C3-425C-4430-A53C-1BFC5DD29D0A}.Release|Any CPU.Build.0 = Release|Any CPU
	EndGlobalSection
	GlobalSection(SolutionProperties) = preSolution
		HideSolutionNode = FALSE
	EndGlobalSection
	GlobalSection(ExtensibilityGlobals) = postSolution
		SolutionGuid = {FA03107B-1B44-4CEC-B147-F35A9C55E392}
	EndGlobalSection
EndGlobal
